// !$*UTF8*$!
{
	archiveVersion = 1;
	classes = {
	};
	objectVersion = 46;
	objects = {

/* Begin PBXBuildFile section */
		C5DD92C81D3CBF5B002F090F /* main.m in Sources */ = {isa = PBXBuildFile; fileRef = C5DD92C71D3CBF5B002F090F /* main.m */; };
		C5DD92CB1D3CBF5B002F090F /* AppDelegate.m in Sources */ = {isa = PBXBuildFile; fileRef = C5DD92CA1D3CBF5B002F090F /* AppDelegate.m */; };
		C5DD92CE1D3CBF5B002F090F /* ViewController.m in Sources */ = {isa = PBXBuildFile; fileRef = C5DD92CD1D3CBF5B002F090F /* ViewController.m */; };
		C5DD92D11D3CBF5B002F090F /* Main.storyboard in Resources */ = {isa = PBXBuildFile; fileRef = C5DD92CF1D3CBF5B002F090F /* Main.storyboard */; };
		C5DD92D31D3CBF5B002F090F /* Assets.xcassets in Resources */ = {isa = PBXBuildFile; fileRef = C5DD92D21D3CBF5B002F090F /* Assets.xcassets */; };
		C5DD92D61D3CBF5B002F090F /* LaunchScreen.storyboard in Resources */ = {isa = PBXBuildFile; fileRef = C5DD92D41D3CBF5B002F090F /* LaunchScreen.storyboard */; };
		C5DD92DF1D3CBF87002F090F /* PlaceholderTextView.m in Sources */ = {isa = PBXBuildFile; fileRef = C5DD92DE1D3CBF87002F090F /* PlaceholderTextView.m */; };
		C5DD92E21D3CD263002F090F /* PlaceholderTextView+ConvenientSetup.m in Sources */ = {isa = PBXBuildFile; fileRef = C5DD92E11D3CD263002F090F /* PlaceholderTextView+ConvenientSetup.m */; };
/* End PBXBuildFile section */

/* Begin PBXFileReference section */
		C5DD92C31D3CBF5B002F090F /* PlaceholderTextView.app */ = {isa = PBXFileReference; explicitFileType = wrapper.application; includeInIndex = 0; path = PlaceholderTextView.app; sourceTree = BUILT_PRODUCTS_DIR; };
		C5DD92C71D3CBF5B002F090F /* main.m */ = {isa = PBXFileReference; lastKnownFileType = sourcecode.c.objc; path = main.m; sourceTree = "<group>"; };
		C5DD92C91D3CBF5B002F090F /* AppDelegate.h */ = {isa = PBXFileReference; lastKnownFileType = sourcecode.c.h; path = AppDelegate.h; sourceTree = "<group>"; };
		C5DD92CA1D3CBF5B002F090F /* AppDelegate.m */ = {isa = PBXFileReference; lastKnownFileType = sourcecode.c.objc; path = AppDelegate.m; sourceTree = "<group>"; };
		C5DD92CC1D3CBF5B002F090F /* ViewController.h */ = {isa = PBXFileReference; lastKnownFileType = sourcecode.c.h; path = ViewController.h; sourceTree = "<group>"; };
		C5DD92CD1D3CBF5B002F090F /* ViewController.m */ = {isa = PBXFileReference; lastKnownFileType = sourcecode.c.objc; path = ViewController.m; sourceTree = "<group>"; };
		C5DD92D01D3CBF5B002F090F /* Base */ = {isa = PBXFileReference; lastKnownFileType = file.storyboard; name = Base; path = Base.lproj/Main.storyboard; sourceTree = "<group>"; };
		C5DD92D21D3CBF5B002F090F /* Assets.xcassets */ = {isa = PBXFileReference; lastKnownFileType = folder.assetcatalog; path = Assets.xcassets; sourceTree = "<group>"; };
		C5DD92D51D3CBF5B002F090F /* Base */ = {isa = PBXFileReference; lastKnownFileType = file.storyboard; name = Base; path = Base.lproj/LaunchScreen.storyboard; sourceTree = "<group>"; };
		C5DD92D71D3CBF5B002F090F /* Info.plist */ = {isa = PBXFileReference; lastKnownFileType = text.plist.xml; path = Info.plist; sourceTree = "<group>"; };
		C5DD92DD1D3CBF87002F090F /* PlaceholderTextView.h */ = {isa = PBXFileReference; fileEncoding = 4; lastKnownFileType = sourcecode.c.h; path = PlaceholderTextView.h; sourceTree = "<group>"; };
		C5DD92DE1D3CBF87002F090F /* PlaceholderTextView.m */ = {isa = PBXFileReference; fileEncoding = 4; lastKnownFileType = sourcecode.c.objc; path = PlaceholderTextView.m; sourceTree = "<group>"; };
		C5DD92E01D3CD263002F090F /* PlaceholderTextView+ConvenientSetup.h */ = {isa = PBXFileReference; fileEncoding = 4; lastKnownFileType = sourcecode.c.h; path = "PlaceholderTextView+ConvenientSetup.h"; sourceTree = "<group>"; };
		C5DD92E11D3CD263002F090F /* PlaceholderTextView+ConvenientSetup.m */ = {isa = PBXFileReference; fileEncoding = 4; lastKnownFileType = sourcecode.c.objc; path = "PlaceholderTextView+ConvenientSetup.m"; sourceTree = "<group>"; };
/* End PBXFileReference section */

/* Begin PBXFrameworksBuildPhase section */
		C5DD92C01D3CBF5B002F090F /* Frameworks */ = {
			isa = PBXFrameworksBuildPhase;
			buildActionMask = 2147483647;
			files = (
			);
			runOnlyForDeploymentPostprocessing = 0;
		};
/* End PBXFrameworksBuildPhase section */

/* Begin PBXGroup section */
		C5DD92BA1D3CBF5B002F090F = {
			isa = PBXGroup;
			children = (
				C5DD92C51D3CBF5B002F090F /* PlaceholderTextView */,
				C5DD92C41D3CBF5B002F090F /* Products */,
			);
			sourceTree = "<group>";
		};
		C5DD92C41D3CBF5B002F090F /* Products */ = {
			isa = PBXGroup;
			children = (
				C5DD92C31D3CBF5B002F090F /* PlaceholderTextView.app */,
			);
			name = Products;
			sourceTree = "<group>";
		};
		C5DD92C51D3CBF5B002F090F /* PlaceholderTextView */ = {
			isa = PBXGroup;
			children = (
				C5DD92C91D3CBF5B002F090F /* AppDelegate.h */,
				C5DD92CA1D3CBF5B002F090F /* AppDelegate.m */,
				C5DD92CC1D3CBF5B002F090F /* ViewController.h */,
				C5DD92CD1D3CBF5B002F090F /* ViewController.m */,
				C5DD92E31D3CDF77002F090F /* PlaceholderTextView */,
				C5DD92CF1D3CBF5B002F090F /* Main.storyboard */,
				C5DD92D21D3CBF5B002F090F /* Assets.xcassets */,
				C5DD92D41D3CBF5B002F090F /* LaunchScreen.storyboard */,
				C5DD92D71D3CBF5B002F090F /* Info.plist */,
				C5DD92C61D3CBF5B002F090F /* Supporting Files */,
			);
			path = PlaceholderTextView;
			sourceTree = "<group>";
		};
		C5DD92C61D3CBF5B002F090F /* Supporting Files */ = {
			isa = PBXGroup;
			children = (
				C5DD92C71D3CBF5B002F090F /* main.m */,
			);
			name = "Supporting Files";
			sourceTree = "<group>";
		};
		C5DD92E31D3CDF77002F090F /* PlaceholderTextView */ = {
			isa = PBXGroup;
			children = (
				C5DD92DD1D3CBF87002F090F /* PlaceholderTextView.h */,
				C5DD92DE1D3CBF87002F090F /* PlaceholderTextView.m */,
				C5DD92E01D3CD263002F090F /* PlaceholderTextView+ConvenientSetup.h */,
				C5DD92E11D3CD263002F090F /* PlaceholderTextView+ConvenientSetup.m */,
			);
			name = PlaceholderTextView;
			sourceTree = "<group>";
		};
/* End PBXGroup section */

/* Begin PBXNativeTarget section */
		C5DD92C21D3CBF5B002F090F /* PlaceholderTextView */ = {
			isa = PBXNativeTarget;
			buildConfigurationList = C5DD92DA1D3CBF5B002F090F /* Build configuration list for PBXNativeTarget "PlaceholderTextView" */;
			buildPhases = (
				C5DD92BF1D3CBF5B002F090F /* Sources */,
				C5DD92C01D3CBF5B002F090F /* Frameworks */,
				C5DD92C11D3CBF5B002F090F /* Resources */,
			);
			buildRules = (
			);
			dependencies = (
			);
			name = PlaceholderTextView;
			productName = PlaceholderTextView;
			productReference = C5DD92C31D3CBF5B002F090F /* PlaceholderTextView.app */;
			productType = "com.apple.product-type.application";
		};
/* End PBXNativeTarget section */

/* Begin PBXProject section */
		C5DD92BB1D3CBF5B002F090F /* Project object */ = {
			isa = PBXProject;
			attributes = {
				LastUpgradeCheck = 0810;
				ORGANIZATIONNAME = YouXianMing;
				TargetAttributes = {
					C5DD92C21D3CBF5B002F090F = {
						CreatedOnToolsVersion = 7.3.1;
					};
				};
			};
			buildConfigurationList = C5DD92BE1D3CBF5B002F090F /* Build configuration list for PBXProject "PlaceholderTextView" */;
			compatibilityVersion = "Xcode 3.2";
			developmentRegion = English;
			hasScannedForEncodings = 0;
			knownRegions = (
				en,
				Base,
			);
			mainGroup = C5DD92BA1D3CBF5B002F090F;
			productRefGroup = C5DD92C41D3CBF5B002F090F /* Products */;
			projectDirPath = "";
			projectRoot = "";
			targets = (
				C5DD92C21D3CBF5B002F090F /* PlaceholderTextView */,
			);
		};
/* End PBXProject section */

/* Begin PBXResourcesBuildPhase section */
		C5DD92C11D3CBF5B002F090F /* Resources */ = {
			isa = PBXResourcesBuildPhase;
			buildActionMask = 2147483647;
			files = (
				C5DD92D61D3CBF5B002F090F /* LaunchScreen.storyboard in Resources */,
				C5DD92D31D3CBF5B002F090F /* Assets.xcassets in Resources */,
				C5DD92D11D3CBF5B002F090F /* Main.storyboard in Resources */,
			);
			runOnlyForDeploymentPostprocessing = 0;
		};
/* End PBXResourcesBuildPhase section */

/* Begin PBXSourcesBuildPhase section */
		C5DD92BF1D3CBF5B002F090F /* Sources */ = {
			isa = PBXSourcesBuildPhase;
			buildActionMask = 2147483647;
			files = (
				C5DD92E21D3CD263002F090F /* PlaceholderTextView+ConvenientSetup.m in Sources */,
				C5DD92CE1D3CBF5B002F090F /* ViewController.m in Sources */,
				C5DD92CB1D3CBF5B002F090F /* AppDelegate.m in Sources */,
				C5DD92C81D3CBF5B002F090F /* main.m in Sources */,
				C5DD92DF1D3CBF87002F090F /* PlaceholderTextView.m in Sources */,
			);
			runOnlyForDeploymentPostprocessing = 0;
		};
/* End PBXSourcesBuildPhase section */

/* Begin PBXVariantGroup section */
		C5DD92CF1D3CBF5B002F090F /* Main.storyboard */ = {
			isa = PBXVariantGroup;
			children = (
				C5DD92D01D3CBF5B002F090F /* Base */,
			);
			name = Main.storyboard;
			sourceTree = "<group>";
		};
		C5DD92D41D3CBF5B002F090F /* LaunchScreen.storyboard */ = {
			isa = PBXVariantGroup;
			children = (
				C5DD92D51D3CBF5B002F090F /* Base */,
			);
			name = LaunchScreen.storyboard;
			sourceTree = "<group>";
		};
/* End PBXVariantGroup section */

/* Begin XCBuildConfiguration section */
		C5DD92D81D3CBF5B002F090F /* Debug */ = {
			isa = XCBuildConfiguration;
			buildSettings = {
				ALWAYS_SEARCH_USER_PATHS = NO;
				CLANG_ANALYZER_NONNULL = YES;
				CLANG_CXX_LANGUAGE_STANDARD = "gnu++0x";
				CLANG_CXX_LIBRARY = "libc++";
				CLANG_ENABLE_MODULES = YES;
				CLANG_ENABLE_OBJC_ARC = YES;
				CLANG_WARN_BOOL_CONVERSION = YES;
				CLANG_WARN_CONSTANT_CONVERSION = YES;
				CLANG_WARN_DIRECT_OBJC_ISA_USAGE = YES_ERROR;
				CLANG_WARN_EMPTY_BODY = YES;
				CLANG_WARN_ENUM_CONVERSION = YES;
				CLANG_WARN_INFINITE_RECURSION = YES;
				CLANG_WARN_INT_CONVERSION = YES;
				CLANG_WARN_OBJC_ROOT_CLASS = YES_ERROR;
				CLANG_WARN_SUSPICIOUS_MOVE = YES;
				CLANG_WARN_UNREACHABLE_CODE = YES;
				CLANG_WARN__DUPLICATE_METHOD_MATCH = YES;
				"CODE_SIGN_IDENTITY[sdk=iphoneos*]" = "iPhone Developer";
				COPY_PHASE_STRIP = NO;
				DEBUG_INFORMATION_FORMAT = dwarf;
				ENABLE_STRICT_OBJC_MSGSEND = YES;
				ENABLE_TESTABILITY = YES;
				GCC_C_LANGUAGE_STANDARD = gnu99;
				GCC_DYNAMIC_NO_PIC = NO;
				GCC_NO_COMMON_BLOCKS = YES;
				GCC_OPTIMIZATION_LEVEL = 0;
				GCC_PREPROCESSOR_DEFINITIONS = (
					"DEBUG=1",
					"$(inherited)",
				);
				GCC_WARN_64_TO_32_BIT_CONVERSION = YES;
				GCC_WARN_ABOUT_RETURN_TYPE = YES_ERROR;
				GCC_WARN_UNDECLARED_SELECTOR = YES;
				GCC_WARN_UNINITIALIZED_AUTOS = YES_AGGRESSIVE;
				GCC_WARN_UNUSED_FUNCTION = YES;
				GCC_WARN_UNUSED_VARIABLE = YES;
				IPHONEOS_DEPLOYMENT_TARGET = 9.3;
				MTL_ENABLE_DEBUG_INFO = YES;
				ONLY_ACTIVE_ARCH = YES;
				SDKROOT = iphoneos;
				TARGETED_DEVICE_FAMILY = "1,2";
			};
			name = Debug;
		};
		C5DD92D91D3CBF5B002F090F /* Release */ = {
			isa = XCBuildConfiguration;
			buildSettings = {
				ALWAYS_SEARCH_USER_PATHS = NO;
				CLANG_ANALYZER_NONNULL = YES;
				CLANG_CXX_LANGUAGE_STANDARD = "gnu++0x";
				CLANG_CXX_LIBRARY = "libc++";
				CLANG_ENABLE_MODULES = YES;
				CLANG_ENABLE_OBJC_ARC = YES;
				CLANG_WARN_BOOL_CONVERSION = YES;
				CLANG_WARN_CONSTANT_CONVERSION = YES;
				CLANG_WARN_DIRECT_OBJC_ISA_USAGE = YES_ERROR;
				CLANG_WARN_EMPTY_BODY = YES;
				CLANG_WARN_ENUM_CONVERSION = YES;
				CLANG_WARN_INFINITE_RECURSION = YES;
				CLANG_WARN_INT_CONVERSION = YES;
				CLANG_WARN_OBJC_ROOT_CLASS = YES_ERROR;
				CLANG_WARN_SUSPICIOUS_MOVE = YES;
				CLANG_WARN_UNREACHABLE_CODE = YES;
				CLANG_WARN__DUPLICATE_METHOD_MATCH = YES;
				"CODE_SIGN_IDENTITY[sdk=iphoneos*]" = "iPhone Developer";
				COPY_PHASE_STRIP = NO;
				DEBUG_INFORMATION_FORMAT = "dwarf-with-dsym";
				ENABLE_NS_ASSERTIONS = NO;
				ENABLE_STRICT_OBJC_MSGSEND = YES;
				GCC_C_LANGUAGE_STANDARD = gnu99;
				GCC_NO_COMMON_BLOCKS = YES;
				GCC_WARN_64_TO_32_BIT_CONVERSION = YES;
				GCC_WARN_ABOUT_RETURN_TYPE = YES_ERROR;
				GCC_WARN_UNDECLARED_SELECTOR = YES;
				GCC_WARN_UNINITIALIZED_AUTOS = YES_AGGRESSIVE;
				GCC_WARN_UNUSED_FUNCTION = YES;
				GCC_WARN_UNUSED_VARIABLE = YES;
				IPHONEOS_DEPLOYMENT_TARGET = 9.3;
				MTL_ENABLE_DEBUG_INFO = NO;
				SDKROOT = iphoneos;
				TARGETED_DEVICE_FAMILY = "1,2";
				VALIDATE_PRODUCT = YES;
			};
			name = Release;
		};
		C5DD92DB1D3CBF5B002F090F /* Debug */ = {
			isa = XCBuildConfiguration;
			buildSettings = {
				ASSETCATALOG_COMPILER_APPICON_NAME = AppIcon;
				INFOPLIST_FILE = PlaceholderTextView/Info.plist;
				LD_RUNPATH_SEARCH_PATHS = "$(inherited) @executable_path/Frameworks";
				PRODUCT_BUNDLE_IDENTIFIER = com.YouXianMing.PlaceholderTextView;
				PRODUCT_NAME = "$(TARGET_NAME)";
			};
			name = Debug;
		};
		C5DD92DC1D3CBF5B002F090F /* Release */ = {
			isa = XCBuildConfiguration;
			buildSettings = {
				ASSETCATALOG_COMPILER_APPICON_NAME = AppIcon;
				INFOPLIST_FILE = PlaceholderTextView/Info.plist;
				LD_RUNPATH_SEARCH_PATHS = "$(inherited) @executable_path/Frameworks";
				PRODUCT_BUNDLE_IDENTIFIER = com.YouXianMing.PlaceholderTextView;
				PRODUCT_NAME = "$(TARGET_NAME)";
			};
			name = Release;
		};
/* End XCBuildConfiguration section */

/* Begin XCConfigurationList section */
		C5DD92BE1D3CBF5B002F090F /* Build configuration list for PBXProject "PlaceholderTextView" */ = {
			isa = XCConfigurationList;
			buildConfigurations = (
				C5DD92D81D3CBF5B002F090F /* Debug */,
				C5DD92D91D3CBF5B002F090F /* Release */,
			);
			defaultConfigurationIsVisible = 0;
			defaultConfigurationName = Release;
		};
		C5DD92DA1D3CBF5B002F090F /* Build configuration list for PBXNativeTarget "PlaceholderTextView" */ = {
			isa = XCConfigurationList;
			buildConfigurations = (
				C5DD92DB1D3CBF5B002F090F /* Debug */,
				C5DD92DC1D3CBF5B002F090F /* Release */,
			);
			defaultConfigurationIsVisible = 0;
			defaultConfigurationName = Release;
		};
/* End XCConfigurationList section */
	};
	rootObject = C5DD92BB1D3CBF5B002F090F /* Project object */;
}
