// !$*UTF8*$!
{
	archiveVersion = 1;
	classes = {
	};
	objectVersion = 46;
	objects = {

/* Begin PBXBuildFile section */
		10B4E1D31B09C2C100518960 /* main.m in Sources */ = {isa = PBXBuildFile; fileRef = 10B4E1D21B09C2C100518960 /* main.m */; };
		10B4E1D61B09C2C100518960 /* AppDelegate.m in Sources */ = {isa = PBXBuildFile; fileRef = 10B4E1D51B09C2C100518960 /* AppDelegate.m */; };
		10B4E1D91B09C2C100518960 /* ViewController.m in Sources */ = {isa = PBXBuildFile; fileRef = 10B4E1D81B09C2C100518960 /* ViewController.m */; };
		10B4E1DC1B09C2C100518960 /* Main.storyboard in Resources */ = {isa = PBXBuildFile; fileRef = 10B4E1DA1B09C2C100518960 /* Main.storyboard */; };
		10B4E1DE1B09C2C100518960 /* Images.xcassets in Resources */ = {isa = PBXBuildFile; fileRef = 10B4E1DD1B09C2C100518960 /* Images.xcassets */; };
		10B4E1E11B09C2C100518960 /* LaunchScreen.xib in Resources */ = {isa = PBXBuildFile; fileRef = 10B4E1DF1B09C2C100518960 /* LaunchScreen.xib */; };
		10B4E1F81B09C3A500518960 /* 方正清刻本悦宋简体.ttf in Resources */ = {isa = PBXBuildFile; fileRef = 10B4E1F71B09C3A500518960 /* 方正清刻本悦宋简体.ttf */; };
		10B4E1FC1B09C43200518960 /* ParagraphAttributes.m in Sources */ = {isa = PBXBuildFile; fileRef = 10B4E1FB1B09C43200518960 /* ParagraphAttributes.m */; };
		10B4E1FF1B09C4DE00518960 /* ParagraphAttributes+Constructor.m in Sources */ = {isa = PBXBuildFile; fileRef = 10B4E1FE1B09C4DE00518960 /* ParagraphAttributes+Constructor.m */; };
		10B4E2021B09C54C00518960 /* ConfigAttributedString.m in Sources */ = {isa = PBXBuildFile; fileRef = 10B4E2011B09C54C00518960 /* ConfigAttributedString.m */; };
		10B4E2071B09C55D00518960 /* BookTextView.m in Sources */ = {isa = PBXBuildFile; fileRef = 10B4E2041B09C55D00518960 /* BookTextView.m */; };
		10B4E2081B09C55D00518960 /* ExclusionView.m in Sources */ = {isa = PBXBuildFile; fileRef = 10B4E2061B09C55D00518960 /* ExclusionView.m */; };
		10B4E20B1B09CEDC00518960 /* demo@2x.png in Resources */ = {isa = PBXBuildFile; fileRef = 10B4E2091B09CEDC00518960 /* demo@2x.png */; };
		10B4E20C1B09CEDC00518960 /* lorem.txt in Resources */ = {isa = PBXBuildFile; fileRef = 10B4E20A1B09CEDC00518960 /* lorem.txt */; };
/* End PBXBuildFile section */

/* Begin PBXFileReference section */
		10B4E1CD1B09C2C100518960 /* BookTextView.app */ = {isa = PBXFileReference; explicitFileType = wrapper.application; includeInIndex = 0; path = BookTextView.app; sourceTree = BUILT_PRODUCTS_DIR; };
		10B4E1D11B09C2C100518960 /* Info.plist */ = {isa = PBXFileReference; lastKnownFileType = text.plist.xml; path = Info.plist; sourceTree = "<group>"; };
		10B4E1D21B09C2C100518960 /* main.m */ = {isa = PBXFileReference; lastKnownFileType = sourcecode.c.objc; path = main.m; sourceTree = "<group>"; };
		10B4E1D41B09C2C100518960 /* AppDelegate.h */ = {isa = PBXFileReference; lastKnownFileType = sourcecode.c.h; path = AppDelegate.h; sourceTree = "<group>"; };
		10B4E1D51B09C2C100518960 /* AppDelegate.m */ = {isa = PBXFileReference; lastKnownFileType = sourcecode.c.objc; path = AppDelegate.m; sourceTree = "<group>"; };
		10B4E1D71B09C2C100518960 /* ViewController.h */ = {isa = PBXFileReference; lastKnownFileType = sourcecode.c.h; path = ViewController.h; sourceTree = "<group>"; };
		10B4E1D81B09C2C100518960 /* ViewController.m */ = {isa = PBXFileReference; lastKnownFileType = sourcecode.c.objc; path = ViewController.m; sourceTree = "<group>"; };
		10B4E1DB1B09C2C100518960 /* Base */ = {isa = PBXFileReference; lastKnownFileType = file.storyboard; name = Base; path = Base.lproj/Main.storyboard; sourceTree = "<group>"; };
		10B4E1DD1B09C2C100518960 /* Images.xcassets */ = {isa = PBXFileReference; lastKnownFileType = folder.assetcatalog; path = Images.xcassets; sourceTree = "<group>"; };
		10B4E1E01B09C2C100518960 /* Base */ = {isa = PBXFileReference; lastKnownFileType = file.xib; name = Base; path = Base.lproj/LaunchScreen.xib; sourceTree = "<group>"; };
		10B4E1F61B09C2F300518960 /* BookTextView.pch */ = {isa = PBXFileReference; lastKnownFileType = sourcecode.c.h; path = BookTextView.pch; sourceTree = "<group>"; };
		10B4E1F71B09C3A500518960 /* 方正清刻本悦宋简体.ttf */ = {isa = PBXFileReference; lastKnownFileType = file; path = "方正清刻本悦宋简体.ttf"; sourceTree = "<group>"; };
		10B4E1FA1B09C43200518960 /* ParagraphAttributes.h */ = {isa = PBXFileReference; fileEncoding = 4; lastKnownFileType = sourcecode.c.h; path = ParagraphAttributes.h; sourceTree = "<group>"; };
		10B4E1FB1B09C43200518960 /* ParagraphAttributes.m */ = {isa = PBXFileReference; fileEncoding = 4; lastKnownFileType = sourcecode.c.objc; path = ParagraphAttributes.m; sourceTree = "<group>"; };
		10B4E1FD1B09C4DE00518960 /* ParagraphAttributes+Constructor.h */ = {isa = PBXFileReference; fileEncoding = 4; lastKnownFileType = sourcecode.c.h; path = "ParagraphAttributes+Constructor.h"; sourceTree = "<group>"; };
		10B4E1FE1B09C4DE00518960 /* ParagraphAttributes+Constructor.m */ = {isa = PBXFileReference; fileEncoding = 4; lastKnownFileType = sourcecode.c.objc; path = "ParagraphAttributes+Constructor.m"; sourceTree = "<group>"; };
		10B4E2001B09C54C00518960 /* ConfigAttributedString.h */ = {isa = PBXFileReference; fileEncoding = 4; lastKnownFileType = sourcecode.c.h; path = ConfigAttributedString.h; sourceTree = "<group>"; };
		10B4E2011B09C54C00518960 /* ConfigAttributedString.m */ = {isa = PBXFileReference; fileEncoding = 4; lastKnownFileType = sourcecode.c.objc; path = ConfigAttributedString.m; sourceTree = "<group>"; };
		10B4E2031B09C55D00518960 /* BookTextView.h */ = {isa = PBXFileReference; fileEncoding = 4; lastKnownFileType = sourcecode.c.h; path = BookTextView.h; sourceTree = "<group>"; };
		10B4E2041B09C55D00518960 /* BookTextView.m */ = {isa = PBXFileReference; fileEncoding = 4; lastKnownFileType = sourcecode.c.objc; path = BookTextView.m; sourceTree = "<group>"; };
		10B4E2051B09C55D00518960 /* ExclusionView.h */ = {isa = PBXFileReference; fileEncoding = 4; lastKnownFileType = sourcecode.c.h; path = ExclusionView.h; sourceTree = "<group>"; };
		10B4E2061B09C55D00518960 /* ExclusionView.m */ = {isa = PBXFileReference; fileEncoding = 4; lastKnownFileType = sourcecode.c.objc; path = ExclusionView.m; sourceTree = "<group>"; };
		10B4E2091B09CEDC00518960 /* demo@2x.png */ = {isa = PBXFileReference; lastKnownFileType = image.png; path = "demo@2x.png"; sourceTree = "<group>"; };
		10B4E20A1B09CEDC00518960 /* lorem.txt */ = {isa = PBXFileReference; fileEncoding = 4; lastKnownFileType = text; path = lorem.txt; sourceTree = "<group>"; };
/* End PBXFileReference section */

/* Begin PBXFrameworksBuildPhase section */
		10B4E1CA1B09C2C100518960 /* Frameworks */ = {
			isa = PBXFrameworksBuildPhase;
			buildActionMask = 2147483647;
			files = (
			);
			runOnlyForDeploymentPostprocessing = 0;
		};
/* End PBXFrameworksBuildPhase section */

/* Begin PBXGroup section */
		10B4E1C41B09C2C100518960 = {
			isa = PBXGroup;
			children = (
				10B4E1CF1B09C2C100518960 /* BookTextView */,
				10B4E1CE1B09C2C100518960 /* Products */,
			);
			sourceTree = "<group>";
		};
		10B4E1CE1B09C2C100518960 /* Products */ = {
			isa = PBXGroup;
			children = (
				10B4E1CD1B09C2C100518960 /* BookTextView.app */,
			);
			name = Products;
			sourceTree = "<group>";
		};
		10B4E1CF1B09C2C100518960 /* BookTextView */ = {
			isa = PBXGroup;
			children = (
				10B4E1D41B09C2C100518960 /* AppDelegate.h */,
				10B4E1D51B09C2C100518960 /* AppDelegate.m */,
				10B4E1D71B09C2C100518960 /* ViewController.h */,
				10B4E1D81B09C2C100518960 /* ViewController.m */,
				10B4E2031B09C55D00518960 /* BookTextView.h */,
				10B4E2041B09C55D00518960 /* BookTextView.m */,
				10B4E2051B09C55D00518960 /* ExclusionView.h */,
				10B4E2061B09C55D00518960 /* ExclusionView.m */,
				10B4E2091B09CEDC00518960 /* demo@2x.png */,
				10B4E20A1B09CEDC00518960 /* lorem.txt */,
				10B4E1F91B09C40700518960 /* AttributeString */,
				10B4E1DA1B09C2C100518960 /* Main.storyboard */,
				10B4E1DD1B09C2C100518960 /* Images.xcassets */,
				10B4E1DF1B09C2C100518960 /* LaunchScreen.xib */,
				10B4E1D01B09C2C100518960 /* Supporting Files */,
			);
			path = BookTextView;
			sourceTree = "<group>";
		};
		10B4E1D01B09C2C100518960 /* Supporting Files */ = {
			isa = PBXGroup;
			children = (
				10B4E1D11B09C2C100518960 /* Info.plist */,
				10B4E1F71B09C3A500518960 /* 方正清刻本悦宋简体.ttf */,
				10B4E1F61B09C2F300518960 /* BookTextView.pch */,
				10B4E1D21B09C2C100518960 /* main.m */,
			);
			name = "Supporting Files";
			sourceTree = "<group>";
		};
		10B4E1F91B09C40700518960 /* AttributeString */ = {
			isa = PBXGroup;
			children = (
				10B4E1FA1B09C43200518960 /* ParagraphAttributes.h */,
				10B4E1FB1B09C43200518960 /* ParagraphAttributes.m */,
				10B4E1FD1B09C4DE00518960 /* ParagraphAttributes+Constructor.h */,
				10B4E1FE1B09C4DE00518960 /* ParagraphAttributes+Constructor.m */,
				10B4E2001B09C54C00518960 /* ConfigAttributedString.h */,
				10B4E2011B09C54C00518960 /* ConfigAttributedString.m */,
			);
			path = AttributeString;
			sourceTree = "<group>";
		};
/* End PBXGroup section */

/* Begin PBXNativeTarget section */
		10B4E1CC1B09C2C100518960 /* BookTextView */ = {
			isa = PBXNativeTarget;
			buildConfigurationList = 10B4E1F01B09C2C100518960 /* Build configuration list for PBXNativeTarget "BookTextView" */;
			buildPhases = (
				10B4E1C91B09C2C100518960 /* Sources */,
				10B4E1CA1B09C2C100518960 /* Frameworks */,
				10B4E1CB1B09C2C100518960 /* Resources */,
			);
			buildRules = (
			);
			dependencies = (
			);
			name = BookTextView;
			productName = BookTextView;
			productReference = 10B4E1CD1B09C2C100518960 /* BookTextView.app */;
			productType = "com.apple.product-type.application";
		};
/* End PBXNativeTarget section */

/* Begin PBXProject section */
		10B4E1C51B09C2C100518960 /* Project object */ = {
			isa = PBXProject;
			attributes = {
				LastUpgradeCheck = 0720;
				ORGANIZATIONNAME = YouXianMing;
				TargetAttributes = {
					10B4E1CC1B09C2C100518960 = {
						CreatedOnToolsVersion = 6.3.1;
					};
				};
			};
			buildConfigurationList = 10B4E1C81B09C2C100518960 /* Build configuration list for PBXProject "BookTextView" */;
			compatibilityVersion = "Xcode 3.2";
			developmentRegion = English;
			hasScannedForEncodings = 0;
			knownRegions = (
				en,
				Base,
			);
			mainGroup = 10B4E1C41B09C2C100518960;
			productRefGroup = 10B4E1CE1B09C2C100518960 /* Products */;
			projectDirPath = "";
			projectRoot = "";
			targets = (
				10B4E1CC1B09C2C100518960 /* BookTextView */,
			);
		};
/* End PBXProject section */

/* Begin PBXResourcesBuildPhase section */
		10B4E1CB1B09C2C100518960 /* Resources */ = {
			isa = PBXResourcesBuildPhase;
			buildActionMask = 2147483647;
			files = (
				10B4E1DC1B09C2C100518960 /* Main.storyboard in Resources */,
				10B4E1F81B09C3A500518960 /* 方正清刻本悦宋简体.ttf in Resources */,
				10B4E1E11B09C2C100518960 /* LaunchScreen.xib in Resources */,
				10B4E1DE1B09C2C100518960 /* Images.xcassets in Resources */,
				10B4E20C1B09CEDC00518960 /* lorem.txt in Resources */,
				10B4E20B1B09CEDC00518960 /* demo@2x.png in Resources */,
			);
			runOnlyForDeploymentPostprocessing = 0;
		};
/* End PBXResourcesBuildPhase section */

/* Begin PBXSourcesBuildPhase section */
		10B4E1C91B09C2C100518960 /* Sources */ = {
			isa = PBXSourcesBuildPhase;
			buildActionMask = 2147483647;
			files = (
				10B4E1D91B09C2C100518960 /* ViewController.m in Sources */,
				10B4E1FC1B09C43200518960 /* ParagraphAttributes.m in Sources */,
				10B4E1D61B09C2C100518960 /* AppDelegate.m in Sources */,
				10B4E1D31B09C2C100518960 /* main.m in Sources */,
				10B4E2071B09C55D00518960 /* BookTextView.m in Sources */,
				10B4E2021B09C54C00518960 /* ConfigAttributedString.m in Sources */,
				10B4E1FF1B09C4DE00518960 /* ParagraphAttributes+Constructor.m in Sources */,
				10B4E2081B09C55D00518960 /* ExclusionView.m in Sources */,
			);
			runOnlyForDeploymentPostprocessing = 0;
		};
/* End PBXSourcesBuildPhase section */

/* Begin PBXVariantGroup section */
		10B4E1DA1B09C2C100518960 /* Main.storyboard */ = {
			isa = PBXVariantGroup;
			children = (
				10B4E1DB1B09C2C100518960 /* Base */,
			);
			name = Main.storyboard;
			sourceTree = "<group>";
		};
		10B4E1DF1B09C2C100518960 /* LaunchScreen.xib */ = {
			isa = PBXVariantGroup;
			children = (
				10B4E1E01B09C2C100518960 /* Base */,
			);
			name = LaunchScreen.xib;
			sourceTree = "<group>";
		};
/* End PBXVariantGroup section */

/* Begin XCBuildConfiguration section */
		10B4E1EE1B09C2C100518960 /* Debug */ = {
			isa = XCBuildConfiguration;
			buildSettings = {
				ALWAYS_SEARCH_USER_PATHS = NO;
				CLANG_CXX_LANGUAGE_STANDARD = "gnu++0x";
				CLANG_CXX_LIBRARY = "libc++";
				CLANG_ENABLE_MODULES = YES;
				CLANG_ENABLE_OBJC_ARC = YES;
				CLANG_WARN_BOOL_CONVERSION = YES;
				CLANG_WARN_CONSTANT_CONVERSION = YES;
				CLANG_WARN_DIRECT_OBJC_ISA_USAGE = YES_ERROR;
				CLANG_WARN_EMPTY_BODY = YES;
				CLANG_WARN_ENUM_CONVERSION = YES;
				CLANG_WARN_INT_CONVERSION = YES;
				CLANG_WARN_OBJC_ROOT_CLASS = YES_ERROR;
				CLANG_WARN_UNREACHABLE_CODE = YES;
				CLANG_WARN__DUPLICATE_METHOD_MATCH = YES;
				"CODE_SIGN_IDENTITY[sdk=iphoneos*]" = "iPhone Developer";
				COPY_PHASE_STRIP = NO;
				DEBUG_INFORMATION_FORMAT = "dwarf-with-dsym";
				ENABLE_STRICT_OBJC_MSGSEND = YES;
				ENABLE_TESTABILITY = YES;
				GCC_C_LANGUAGE_STANDARD = gnu99;
				GCC_DYNAMIC_NO_PIC = NO;
				GCC_NO_COMMON_BLOCKS = YES;
				GCC_OPTIMIZATION_LEVEL = 0;
				GCC_PREPROCESSOR_DEFINITIONS = (
					"DEBUG=1",
					"$(inherited)",
				);
				GCC_SYMBOLS_PRIVATE_EXTERN = NO;
				GCC_WARN_64_TO_32_BIT_CONVERSION = YES;
				GCC_WARN_ABOUT_RETURN_TYPE = YES_ERROR;
				GCC_WARN_UNDECLARED_SELECTOR = YES;
				GCC_WARN_UNINITIALIZED_AUTOS = YES_AGGRESSIVE;
				GCC_WARN_UNUSED_FUNCTION = YES;
				GCC_WARN_UNUSED_VARIABLE = YES;
				IPHONEOS_DEPLOYMENT_TARGET = 8.3;
				MTL_ENABLE_DEBUG_INFO = YES;
				ONLY_ACTIVE_ARCH = YES;
				SDKROOT = iphoneos;
				TARGETED_DEVICE_FAMILY = "1,2";
			};
			name = Debug;
		};
		10B4E1EF1B09C2C100518960 /* Release */ = {
			isa = XCBuildConfiguration;
			buildSettings = {
				ALWAYS_SEARCH_USER_PATHS = NO;
				CLANG_CXX_LANGUAGE_STANDARD = "gnu++0x";
				CLANG_CXX_LIBRARY = "libc++";
				CLANG_ENABLE_MODULES = YES;
				CLANG_ENABLE_OBJC_ARC = YES;
				CLANG_WARN_BOOL_CONVERSION = YES;
				CLANG_WARN_CONSTANT_CONVERSION = YES;
				CLANG_WARN_DIRECT_OBJC_ISA_USAGE = YES_ERROR;
				CLANG_WARN_EMPTY_BODY = YES;
				CLANG_WARN_ENUM_CONVERSION = YES;
				CLANG_WARN_INT_CONVERSION = YES;
				CLANG_WARN_OBJC_ROOT_CLASS = YES_ERROR;
				CLANG_WARN_UNREACHABLE_CODE = YES;
				CLANG_WARN__DUPLICATE_METHOD_MATCH = YES;
				"CODE_SIGN_IDENTITY[sdk=iphoneos*]" = "iPhone Developer";
				COPY_PHASE_STRIP = NO;
				DEBUG_INFORMATION_FORMAT = "dwarf-with-dsym";
				ENABLE_NS_ASSERTIONS = NO;
				ENABLE_STRICT_OBJC_MSGSEND = YES;
				GCC_C_LANGUAGE_STANDARD = gnu99;
				GCC_NO_COMMON_BLOCKS = YES;
				GCC_WARN_64_TO_32_BIT_CONVERSION = YES;
				GCC_WARN_ABOUT_RETURN_TYPE = YES_ERROR;
				GCC_WARN_UNDECLARED_SELECTOR = YES;
				GCC_WARN_UNINITIALIZED_AUTOS = YES_AGGRESSIVE;
				GCC_WARN_UNUSED_FUNCTION = YES;
				GCC_WARN_UNUSED_VARIABLE = YES;
				IPHONEOS_DEPLOYMENT_TARGET = 8.3;
				MTL_ENABLE_DEBUG_INFO = NO;
				SDKROOT = iphoneos;
				TARGETED_DEVICE_FAMILY = "1,2";
				VALIDATE_PRODUCT = YES;
			};
			name = Release;
		};
		10B4E1F11B09C2C100518960 /* Debug */ = {
			isa = XCBuildConfiguration;
			buildSettings = {
				ASSETCATALOG_COMPILER_APPICON_NAME = AppIcon;
				GCC_PREFIX_HEADER = "$(SRCROOT)/$(PROJECT_NAME)/BookTextView.pch";
				INFOPLIST_FILE = BookTextView/Info.plist;
				LD_RUNPATH_SEARCH_PATHS = "$(inherited) @executable_path/Frameworks";
				PRODUCT_BUNDLE_IDENTIFIER = "com.YouXianMing.ZiPeiYi.$(PRODUCT_NAME:rfc1034identifier)";
				PRODUCT_NAME = "$(TARGET_NAME)";
			};
			name = Debug;
		};
		10B4E1F21B09C2C100518960 /* Release */ = {
			isa = XCBuildConfiguration;
			buildSettings = {
				ASSETCATALOG_COMPILER_APPICON_NAME = AppIcon;
				GCC_PREFIX_HEADER = "$(SRCROOT)/$(PROJECT_NAME)/BookTextView.pch";
				INFOPLIST_FILE = BookTextView/Info.plist;
				LD_RUNPATH_SEARCH_PATHS = "$(inherited) @executable_path/Frameworks";
				PRODUCT_BUNDLE_IDENTIFIER = "com.YouXianMing.ZiPeiYi.$(PRODUCT_NAME:rfc1034identifier)";
				PRODUCT_NAME = "$(TARGET_NAME)";
			};
			name = Release;
		};
/* End XCBuildConfiguration section */

/* Begin XCConfigurationList section */
		10B4E1C81B09C2C100518960 /* Build configuration list for PBXProject "BookTextView" */ = {
			isa = XCConfigurationList;
			buildConfigurations = (
				10B4E1EE1B09C2C100518960 /* Debug */,
				10B4E1EF1B09C2C100518960 /* Release */,
			);
			defaultConfigurationIsVisible = 0;
			defaultConfigurationName = Release;
		};
		10B4E1F01B09C2C100518960 /* Build configuration list for PBXNativeTarget "BookTextView" */ = {
			isa = XCConfigurationList;
			buildConfigurations = (
				10B4E1F11B09C2C100518960 /* Debug */,
				10B4E1F21B09C2C100518960 /* Release */,
			);
			defaultConfigurationIsVisible = 0;
			defaultConfigurationName = Release;
		};
/* End XCConfigurationList section */
	};
	rootObject = 10B4E1C51B09C2C100518960 /* Project object */;
}
