// !$*UTF8*$!
{
	archiveVersion = 1;
	classes = {
	};
	objectVersion = 46;
	objects = {

/* Begin PBXBuildFile section */
		10E6B1AD1AF2EFFA0079BD63 /* main.m in Sources */ = {isa = PBXBuildFile; fileRef = 10E6B1AC1AF2EFFA0079BD63 /* main.m */; };
		10E6B1B01AF2EFFA0079BD63 /* AppDelegate.m in Sources */ = {isa = PBXBuildFile; fileRef = 10E6B1AF1AF2EFFA0079BD63 /* AppDelegate.m */; };
		10E6B1B31AF2EFFA0079BD63 /* ViewController.m in Sources */ = {isa = PBXBuildFile; fileRef = 10E6B1B21AF2EFFA0079BD63 /* ViewController.m */; };
		10E6B1B61AF2EFFA0079BD63 /* Main.storyboard in Resources */ = {isa = PBXBuildFile; fileRef = 10E6B1B41AF2EFFA0079BD63 /* Main.storyboard */; };
		10E6B1B81AF2EFFA0079BD63 /* Images.xcassets in Resources */ = {isa = PBXBuildFile; fileRef = 10E6B1B71AF2EFFA0079BD63 /* Images.xcassets */; };
		10E6B1BB1AF2EFFA0079BD63 /* LaunchScreen.xib in Resources */ = {isa = PBXBuildFile; fileRef = 10E6B1B91AF2EFFA0079BD63 /* LaunchScreen.xib */; };
/* End PBXBuildFile section */

/* Begin PBXFileReference section */
		10E6B1A71AF2EFF90079BD63 /* LiveImageView.app */ = {isa = PBXFileReference; explicitFileType = wrapper.application; includeInIndex = 0; path = LiveImageView.app; sourceTree = BUILT_PRODUCTS_DIR; };
		10E6B1AB1AF2EFFA0079BD63 /* Info.plist */ = {isa = PBXFileReference; lastKnownFileType = text.plist.xml; path = Info.plist; sourceTree = "<group>"; };
		10E6B1AC1AF2EFFA0079BD63 /* main.m */ = {isa = PBXFileReference; lastKnownFileType = sourcecode.c.objc; path = main.m; sourceTree = "<group>"; };
		10E6B1AE1AF2EFFA0079BD63 /* AppDelegate.h */ = {isa = PBXFileReference; lastKnownFileType = sourcecode.c.h; path = AppDelegate.h; sourceTree = "<group>"; };
		10E6B1AF1AF2EFFA0079BD63 /* AppDelegate.m */ = {isa = PBXFileReference; lastKnownFileType = sourcecode.c.objc; path = AppDelegate.m; sourceTree = "<group>"; };
		10E6B1B11AF2EFFA0079BD63 /* ViewController.h */ = {isa = PBXFileReference; lastKnownFileType = sourcecode.c.h; path = ViewController.h; sourceTree = "<group>"; };
		10E6B1B21AF2EFFA0079BD63 /* ViewController.m */ = {isa = PBXFileReference; lastKnownFileType = sourcecode.c.objc; path = ViewController.m; sourceTree = "<group>"; };
		10E6B1B51AF2EFFA0079BD63 /* Base */ = {isa = PBXFileReference; lastKnownFileType = file.storyboard; name = Base; path = Base.lproj/Main.storyboard; sourceTree = "<group>"; };
		10E6B1B71AF2EFFA0079BD63 /* Images.xcassets */ = {isa = PBXFileReference; lastKnownFileType = folder.assetcatalog; path = Images.xcassets; sourceTree = "<group>"; };
		10E6B1BA1AF2EFFA0079BD63 /* Base */ = {isa = PBXFileReference; lastKnownFileType = file.xib; name = Base; path = Base.lproj/LaunchScreen.xib; sourceTree = "<group>"; };
/* End PBXFileReference section */

/* Begin PBXFrameworksBuildPhase section */
		10E6B1A41AF2EFF90079BD63 /* Frameworks */ = {
			isa = PBXFrameworksBuildPhase;
			buildActionMask = 2147483647;
			files = (
			);
			runOnlyForDeploymentPostprocessing = 0;
		};
/* End PBXFrameworksBuildPhase section */

/* Begin PBXGroup section */
		10E6B19E1AF2EFF90079BD63 = {
			isa = PBXGroup;
			children = (
				10E6B1A91AF2EFF90079BD63 /* LiveImageView */,
				10E6B1A81AF2EFF90079BD63 /* Products */,
			);
			sourceTree = "<group>";
		};
		10E6B1A81AF2EFF90079BD63 /* Products */ = {
			isa = PBXGroup;
			children = (
				10E6B1A71AF2EFF90079BD63 /* LiveImageView.app */,
			);
			name = Products;
			sourceTree = "<group>";
		};
		10E6B1A91AF2EFF90079BD63 /* LiveImageView */ = {
			isa = PBXGroup;
			children = (
				10E6B1AE1AF2EFFA0079BD63 /* AppDelegate.h */,
				10E6B1AF1AF2EFFA0079BD63 /* AppDelegate.m */,
				10E6B1B11AF2EFFA0079BD63 /* ViewController.h */,
				10E6B1B21AF2EFFA0079BD63 /* ViewController.m */,
				10E6B1B41AF2EFFA0079BD63 /* Main.storyboard */,
				10E6B1B71AF2EFFA0079BD63 /* Images.xcassets */,
				10E6B1B91AF2EFFA0079BD63 /* LaunchScreen.xib */,
				10E6B1AA1AF2EFF90079BD63 /* Supporting Files */,
			);
			path = LiveImageView;
			sourceTree = "<group>";
		};
		10E6B1AA1AF2EFF90079BD63 /* Supporting Files */ = {
			isa = PBXGroup;
			children = (
				10E6B1AB1AF2EFFA0079BD63 /* Info.plist */,
				10E6B1AC1AF2EFFA0079BD63 /* main.m */,
			);
			name = "Supporting Files";
			sourceTree = "<group>";
		};
/* End PBXGroup section */

/* Begin PBXNativeTarget section */
		10E6B1A61AF2EFF90079BD63 /* LiveImageView */ = {
			isa = PBXNativeTarget;
			buildConfigurationList = 10E6B1CA1AF2EFFA0079BD63 /* Build configuration list for PBXNativeTarget "LiveImageView" */;
			buildPhases = (
				10E6B1A31AF2EFF90079BD63 /* Sources */,
				10E6B1A41AF2EFF90079BD63 /* Frameworks */,
				10E6B1A51AF2EFF90079BD63 /* Resources */,
			);
			buildRules = (
			);
			dependencies = (
			);
			name = LiveImageView;
			productName = LiveImageView;
			productReference = 10E6B1A71AF2EFF90079BD63 /* LiveImageView.app */;
			productType = "com.apple.product-type.application";
		};
/* End PBXNativeTarget section */

/* Begin PBXProject section */
		10E6B19F1AF2EFF90079BD63 /* Project object */ = {
			isa = PBXProject;
			attributes = {
				LastUpgradeCheck = 0720;
				ORGANIZATIONNAME = YouXianMing;
				TargetAttributes = {
					10E6B1A61AF2EFF90079BD63 = {
						CreatedOnToolsVersion = 6.3;
					};
				};
			};
			buildConfigurationList = 10E6B1A21AF2EFF90079BD63 /* Build configuration list for PBXProject "LiveImageView" */;
			compatibilityVersion = "Xcode 3.2";
			developmentRegion = English;
			hasScannedForEncodings = 0;
			knownRegions = (
				en,
				Base,
			);
			mainGroup = 10E6B19E1AF2EFF90079BD63;
			productRefGroup = 10E6B1A81AF2EFF90079BD63 /* Products */;
			projectDirPath = "";
			projectRoot = "";
			targets = (
				10E6B1A61AF2EFF90079BD63 /* LiveImageView */,
			);
		};
/* End PBXProject section */

/* Begin PBXResourcesBuildPhase section */
		10E6B1A51AF2EFF90079BD63 /* Resources */ = {
			isa = PBXResourcesBuildPhase;
			buildActionMask = 2147483647;
			files = (
				10E6B1B61AF2EFFA0079BD63 /* Main.storyboard in Resources */,
				10E6B1BB1AF2EFFA0079BD63 /* LaunchScreen.xib in Resources */,
				10E6B1B81AF2EFFA0079BD63 /* Images.xcassets in Resources */,
			);
			runOnlyForDeploymentPostprocessing = 0;
		};
/* End PBXResourcesBuildPhase section */

/* Begin PBXSourcesBuildPhase section */
		10E6B1A31AF2EFF90079BD63 /* Sources */ = {
			isa = PBXSourcesBuildPhase;
			buildActionMask = 2147483647;
			files = (
				10E6B1B31AF2EFFA0079BD63 /* ViewController.m in Sources */,
				10E6B1B01AF2EFFA0079BD63 /* AppDelegate.m in Sources */,
				10E6B1AD1AF2EFFA0079BD63 /* main.m in Sources */,
			);
			runOnlyForDeploymentPostprocessing = 0;
		};
/* End PBXSourcesBuildPhase section */

/* Begin PBXVariantGroup section */
		10E6B1B41AF2EFFA0079BD63 /* Main.storyboard */ = {
			isa = PBXVariantGroup;
			children = (
				10E6B1B51AF2EFFA0079BD63 /* Base */,
			);
			name = Main.storyboard;
			sourceTree = "<group>";
		};
		10E6B1B91AF2EFFA0079BD63 /* LaunchScreen.xib */ = {
			isa = PBXVariantGroup;
			children = (
				10E6B1BA1AF2EFFA0079BD63 /* Base */,
			);
			name = LaunchScreen.xib;
			sourceTree = "<group>";
		};
/* End PBXVariantGroup section */

/* Begin XCBuildConfiguration section */
		10E6B1C81AF2EFFA0079BD63 /* Debug */ = {
			isa = XCBuildConfiguration;
			buildSettings = {
				ALWAYS_SEARCH_USER_PATHS = NO;
				CLANG_CXX_LANGUAGE_STANDARD = "gnu++0x";
				CLANG_CXX_LIBRARY = "libc++";
				CLANG_ENABLE_MODULES = YES;
				CLANG_ENABLE_OBJC_ARC = YES;
				CLANG_WARN_BOOL_CONVERSION = YES;
				CLANG_WARN_CONSTANT_CONVERSION = YES;
				CLANG_WARN_DIRECT_OBJC_ISA_USAGE = YES_ERROR;
				CLANG_WARN_EMPTY_BODY = YES;
				CLANG_WARN_ENUM_CONVERSION = YES;
				CLANG_WARN_INT_CONVERSION = YES;
				CLANG_WARN_OBJC_ROOT_CLASS = YES_ERROR;
				CLANG_WARN_UNREACHABLE_CODE = YES;
				CLANG_WARN__DUPLICATE_METHOD_MATCH = YES;
				"CODE_SIGN_IDENTITY[sdk=iphoneos*]" = "iPhone Developer";
				COPY_PHASE_STRIP = NO;
				DEBUG_INFORMATION_FORMAT = "dwarf-with-dsym";
				ENABLE_STRICT_OBJC_MSGSEND = YES;
				ENABLE_TESTABILITY = YES;
				GCC_C_LANGUAGE_STANDARD = gnu99;
				GCC_DYNAMIC_NO_PIC = NO;
				GCC_NO_COMMON_BLOCKS = YES;
				GCC_OPTIMIZATION_LEVEL = 0;
				GCC_PREPROCESSOR_DEFINITIONS = (
					"DEBUG=1",
					"$(inherited)",
				);
				GCC_SYMBOLS_PRIVATE_EXTERN = NO;
				GCC_WARN_64_TO_32_BIT_CONVERSION = YES;
				GCC_WARN_ABOUT_RETURN_TYPE = YES_ERROR;
				GCC_WARN_UNDECLARED_SELECTOR = YES;
				GCC_WARN_UNINITIALIZED_AUTOS = YES_AGGRESSIVE;
				GCC_WARN_UNUSED_FUNCTION = YES;
				GCC_WARN_UNUSED_VARIABLE = YES;
				IPHONEOS_DEPLOYMENT_TARGET = 8.3;
				MTL_ENABLE_DEBUG_INFO = YES;
				ONLY_ACTIVE_ARCH = YES;
				SDKROOT = iphoneos;
				TARGETED_DEVICE_FAMILY = "1,2";
			};
			name = Debug;
		};
		10E6B1C91AF2EFFA0079BD63 /* Release */ = {
			isa = XCBuildConfiguration;
			buildSettings = {
				ALWAYS_SEARCH_USER_PATHS = NO;
				CLANG_CXX_LANGUAGE_STANDARD = "gnu++0x";
				CLANG_CXX_LIBRARY = "libc++";
				CLANG_ENABLE_MODULES = YES;
				CLANG_ENABLE_OBJC_ARC = YES;
				CLANG_WARN_BOOL_CONVERSION = YES;
				CLANG_WARN_CONSTANT_CONVERSION = YES;
				CLANG_WARN_DIRECT_OBJC_ISA_USAGE = YES_ERROR;
				CLANG_WARN_EMPTY_BODY = YES;
				CLANG_WARN_ENUM_CONVERSION = YES;
				CLANG_WARN_INT_CONVERSION = YES;
				CLANG_WARN_OBJC_ROOT_CLASS = YES_ERROR;
				CLANG_WARN_UNREACHABLE_CODE = YES;
				CLANG_WARN__DUPLICATE_METHOD_MATCH = YES;
				"CODE_SIGN_IDENTITY[sdk=iphoneos*]" = "iPhone Developer";
				COPY_PHASE_STRIP = NO;
				DEBUG_INFORMATION_FORMAT = "dwarf-with-dsym";
				ENABLE_NS_ASSERTIONS = NO;
				ENABLE_STRICT_OBJC_MSGSEND = YES;
				GCC_C_LANGUAGE_STANDARD = gnu99;
				GCC_NO_COMMON_BLOCKS = YES;
				GCC_WARN_64_TO_32_BIT_CONVERSION = YES;
				GCC_WARN_ABOUT_RETURN_TYPE = YES_ERROR;
				GCC_WARN_UNDECLARED_SELECTOR = YES;
				GCC_WARN_UNINITIALIZED_AUTOS = YES_AGGRESSIVE;
				GCC_WARN_UNUSED_FUNCTION = YES;
				GCC_WARN_UNUSED_VARIABLE = YES;
				IPHONEOS_DEPLOYMENT_TARGET = 8.3;
				MTL_ENABLE_DEBUG_INFO = NO;
				SDKROOT = iphoneos;
				TARGETED_DEVICE_FAMILY = "1,2";
				VALIDATE_PRODUCT = YES;
			};
			name = Release;
		};
		10E6B1CB1AF2EFFA0079BD63 /* Debug */ = {
			isa = XCBuildConfiguration;
			buildSettings = {
				ASSETCATALOG_COMPILER_APPICON_NAME = AppIcon;
				INFOPLIST_FILE = LiveImageView/Info.plist;
				LD_RUNPATH_SEARCH_PATHS = "$(inherited) @executable_path/Frameworks";
				PRODUCT_BUNDLE_IDENTIFIER = "com.YouXianMing.$(PRODUCT_NAME:rfc1034identifier)";
				PRODUCT_NAME = "$(TARGET_NAME)";
			};
			name = Debug;
		};
		10E6B1CC1AF2EFFA0079BD63 /* Release */ = {
			isa = XCBuildConfiguration;
			buildSettings = {
				ASSETCATALOG_COMPILER_APPICON_NAME = AppIcon;
				INFOPLIST_FILE = LiveImageView/Info.plist;
				LD_RUNPATH_SEARCH_PATHS = "$(inherited) @executable_path/Frameworks";
				PRODUCT_BUNDLE_IDENTIFIER = "com.YouXianMing.$(PRODUCT_NAME:rfc1034identifier)";
				PRODUCT_NAME = "$(TARGET_NAME)";
			};
			name = Release;
		};
/* End XCBuildConfiguration section */

/* Begin XCConfigurationList section */
		10E6B1A21AF2EFF90079BD63 /* Build configuration list for PBXProject "LiveImageView" */ = {
			isa = XCConfigurationList;
			buildConfigurations = (
				10E6B1C81AF2EFFA0079BD63 /* Debug */,
				10E6B1C91AF2EFFA0079BD63 /* Release */,
			);
			defaultConfigurationIsVisible = 0;
			defaultConfigurationName = Release;
		};
		10E6B1CA1AF2EFFA0079BD63 /* Build configuration list for PBXNativeTarget "LiveImageView" */ = {
			isa = XCConfigurationList;
			buildConfigurations = (
				10E6B1CB1AF2EFFA0079BD63 /* Debug */,
				10E6B1CC1AF2EFFA0079BD63 /* Release */,
			);
			defaultConfigurationIsVisible = 0;
			defaultConfigurationName = Release;
		};
/* End XCConfigurationList section */
	};
	rootObject = 10E6B19F1AF2EFF90079BD63 /* Project object */;
}
